Microsoft Visual Studio Solution File, Format Version 12.00
# Visual Studio 2012
Project("{FAE04EC0-301F-11D3-BF4B-00C04F79EFBC}") = "ctgda-platformer3d-template", "ctgda-platformer3d-template.csproj", "{BB70E2E1-342B-4C46-9A30-17946D433ABE}"
EndProject
Global
	GlobalSection(SolutionConfigurationPlatforms) = preSolution
	Debug|Any CPU = Debug|Any CPU
	ExportDebug|Any CPU = ExportDebug|Any CPU
	ExportRelease|Any CPU = ExportRelease|Any CPU
	EndGlobalSection
	GlobalSection(ProjectConfigurationPlatforms) = postSolution
		{BB70E2E1-342B-4C46-9A30-17946D433ABE}.Debug|Any CPU.ActiveCfg = Debug|Any CPU
		{BB70E2E1-342B-4C46-9A30-17946D433ABE}.Debug|Any CPU.Build.0 = Debug|Any CPU
		{BB70E2E1-342B-4C46-9A30-17946D433ABE}.ExportDebug|Any CPU.ActiveCfg = ExportDebug|Any CPU
		{BB70E2E1-342B-4C46-9A30-17946D433ABE}.ExportDebug|Any CPU.Build.0 = ExportDebug|Any CPU
		{BB70E2E1-342B-4C46-9A30-17946D433ABE}.ExportRelease|Any CPU.ActiveCfg = ExportRelease|Any CPU
		{BB70E2E1-342B-4C46-9A30-17946D433ABE}.ExportRelease|Any CPU.Build.0 = ExportRelease|Any CPU
	EndGlobalSection
EndGlobal
